
Microsoft Visual Studio Solution File, Format Version 12.00
# Visual Studio Version 16
VisualStudioVersion = 16.0.30114.105
MinimumVisualStudioVersion = 10.0.40219.1
Project("{FAE04EC0-301F-11D3-BF4B-00C04F79EFBC}") = "Ticari_Otomasyonn", "Ticari_Otomasyonn.csproj", "{6E999F4A-A6E0-4C8A-BC52-00FD6C3110CF}"
EndProject
Global
	GlobalSection(SolutionConfigurationPlatforms) = preSolution
		Debug|Any CPU = Debug|Any CPU
		Release|Any CPU = Release|Any CPU
	EndGlobalSection
	GlobalSection(ProjectConfigurationPlatforms) = postSolution
		{6E999F4A-A6E0-4C8A-BC52-00FD6C3110CF}.Debug|Any CPU.ActiveCfg = Debug|Any CPU
		{6E999F4A-A6E0-4C8A-BC52-00FD6C3110CF}.Debug|Any CPU.Build.0 = Debug|Any CPU
		{6E999F4A-A6E0-4C8A-BC52-00FD6C3110CF}.Release|Any CPU.ActiveCfg = Release|Any CPU
		{6E999F4A-A6E0-4C8A-BC52-00FD6C3110CF}.Release|Any CPU.Build.0 = Release|Any CPU
	EndGlobalSection
	GlobalSection(SolutionProperties) = preSolution
		HideSolutionNode = FALSE
	EndGlobalSection
	GlobalSection(ExtensibilityGlobals) = postSolution
		SolutionGuid = {D0F465A8-AA0D-4106-BE13-9F65E707F726}
	EndGlobalSection
EndGlobal
